Microsoft Visual Studio Solution File, Format Version 12.00
# Visual Studio Version 17
VisualStudioVersion = 17.5.2.0
MinimumVisualStudioVersion = 10.0.40219.1
Project("{FAE04EC0-301F-11D3-BF4B-00C04F79EFBC}") = "GoldItems", "GoldItems.csproj", "{20391EE6-A0B9-4BB4-A97B-F34211AF232A}"
EndProject
Global
	GlobalSection(SolutionConfigurationPlatforms) = preSolution
		Debug|Any CPU = Debug|Any CPU
		Release|Any CPU = Release|Any CPU
	EndGlobalSection
	GlobalSection(ProjectConfigurationPlatforms) = postSolution
		{20391EE6-A0B9-4BB4-A97B-F34211AF232A}.Debug|Any CPU.ActiveCfg = Debug|Any CPU
		{20391EE6-A0B9-4BB4-A97B-F34211AF232A}.Debug|Any CPU.Build.0 = Debug|Any CPU
		{20391EE6-A0B9-4BB4-A97B-F34211AF232A}.Release|Any CPU.ActiveCfg = Release|Any CPU
		{20391EE6-A0B9-4BB4-A97B-F34211AF232A}.Release|Any CPU.Build.0 = Release|Any CPU
	EndGlobalSection
	GlobalSection(SolutionProperties) = preSolution
		HideSolutionNode = FALSE
	EndGlobalSection
	GlobalSection(ExtensibilityGlobals) = postSolution
		SolutionGuid = {1CF1320E-27AD-43BF-B56B-A9F1F14A867D}
	EndGlobalSection
EndGlobal
